
Microsoft Visual Studio Solution File, Format Version 12.00
# Visual Studio Version 16
VisualStudioVersion = 16.0.33027.164
MinimumVisualStudioVersion = 10.0.40219.1
Project("{8BC9CEB8-8B4A-11D0-8D11-00A0C91BC942}") = "NVME_SMART", "NVME_SMART.vcxproj", "{386E3446-8B1B-45D0-B558-139085F8C578}"
EndProject
Global
	GlobalSection(SolutionConfigurationPlatforms) = preSolution
		Debug|x64 = Debug|x64
		Debug|x86 = Debug|x86
		Release|x64 = Release|x64
		Release|x86 = Release|x86
	EndGlobalSection
	GlobalSection(ProjectConfigurationPlatforms) = postSolution
		{386E3446-8B1B-45D0-B558-139085F8C578}.Debug|x64.ActiveCfg = Debug|x64
		{386E3446-8B1B-45D0-B558-139085F8C578}.Debug|x64.Build.0 = Debug|x64
		{386E3446-8B1B-45D0-B558-139085F8C578}.Debug|x86.ActiveCfg = Debug|Win32
		{386E3446-8B1B-45D0-B558-139085F8C578}.Debug|x86.Build.0 = Debug|Win32
		{386E3446-8B1B-45D0-B558-139085F8C578}.Release|x64.ActiveCfg = Release|x64
		{386E3446-8B1B-45D0-B558-139085F8C578}.Release|x64.Build.0 = Release|x64
		{386E3446-8B1B-45D0-B558-139085F8C578}.Release|x86.ActiveCfg = Release|Win32
		{386E3446-8B1B-45D0-B558-139085F8C578}.Release|x86.Build.0 = Release|Win32
	EndGlobalSection
	GlobalSection(SolutionProperties) = preSolution
		HideSolutionNode = FALSE
	EndGlobalSection
	GlobalSection(ExtensibilityGlobals) = postSolution
		SolutionGuid = {C372468A-B55F-49D5-82AC-170CC8E3872C}
	EndGlobalSection
EndGlobal
